
Microsoft Visual Studio Solution File, Format Version 12.00
# Visual Studio Version 17
VisualStudioVersion = 17.7.34202.233
MinimumVisualStudioVersion = 10.0.40219.1
Project("{FAE04EC0-301F-11D3-BF4B-00C04F79EFBC}") = "AppTabuada", "AppTabuada.csproj", "{2053CFDE-06E3-4131-AC69-47AAA7A533EC}"
EndProject
Global
	GlobalSection(SolutionConfigurationPlatforms) = preSolution
		Debug|Any CPU = Debug|Any CPU
		Release|Any CPU = Release|Any CPU
	EndGlobalSection
	GlobalSection(ProjectConfigurationPlatforms) = postSolution
		{2053CFDE-06E3-4131-AC69-47AAA7A533EC}.Debug|Any CPU.ActiveCfg = Debug|Any CPU
		{2053CFDE-06E3-4131-AC69-47AAA7A533EC}.Debug|Any CPU.Build.0 = Debug|Any CPU
		{2053CFDE-06E3-4131-AC69-47AAA7A533EC}.Release|Any CPU.ActiveCfg = Release|Any CPU
		{2053CFDE-06E3-4131-AC69-47AAA7A533EC}.Release|Any CPU.Build.0 = Release|Any CPU
	EndGlobalSection
	GlobalSection(SolutionProperties) = preSolution
		HideSolutionNode = FALSE
	EndGlobalSection
	GlobalSection(ExtensibilityGlobals) = postSolution
		SolutionGuid = {0F600061-7C7C-4AA2-AA00-FC6074055923}
	EndGlobalSection
EndGlobal
